// !$*UTF8*$!
{
	archiveVersion = 1;
	classes = {
	};
	objectVersion = 46;
	objects = {

/* Begin PBXBuildFile section */
		14EA2FD61D1189630099904C /* main.cpp in Sources */ = {isa = PBXBuildFile; fileRef = 14EA2FD51D1189630099904C /* main.cpp */; };
		14EA2FDE1D118EA50099904C /* SharedMatting.cpp in Sources */ = {isa = PBXBuildFile; fileRef = 14EA2FDD1D118EA50099904C /* SharedMatting.cpp */; };
/* End PBXBuildFile section */

/* Begin PBXCopyFilesBuildPhase section */
		14EA2FD01D1189630099904C /* CopyFiles */ = {
			isa = PBXCopyFilesBuildPhase;
			buildActionMask = 2147483647;
			dstPath = /usr/share/man/man1;
			dstSubfolderSpec = 0;
			files = (
			);
			runOnlyForDeploymentPostprocessing = 1;
		};
/* End PBXCopyFilesBuildPhase section */

/* Begin PBXFileReference section */
		14EA2FD21D1189630099904C /* AlphaMatting */ = {isa = PBXFileReference; explicitFileType = "compiled.mach-o.executable"; includeInIndex = 0; path = AlphaMatting; sourceTree = BUILT_PRODUCTS_DIR; };
		14EA2FD51D1189630099904C /* main.cpp */ = {isa = PBXFileReference; lastKnownFileType = sourcecode.cpp.cpp; path = main.cpp; sourceTree = "<group>"; };
		14EA2FDC1D11899E0099904C /* SharedMatting.h */ = {isa = PBXFileReference; lastKnownFileType = sourcecode.c.h; path = SharedMatting.h; sourceTree = "<group>"; };
		14EA2FDD1D118EA50099904C /* SharedMatting.cpp */ = {isa = PBXFileReference; fileEncoding = 4; lastKnownFileType = sourcecode.cpp.cpp; path = SharedMatting.cpp; sourceTree = "<group>"; };
/* End PBXFileReference section */

/* Begin PBXFrameworksBuildPhase section */
		14EA2FCF1D1189630099904C /* Frameworks */ = {
			isa = PBXFrameworksBuildPhase;
			buildActionMask = 2147483647;
			files = (
			);
			runOnlyForDeploymentPostprocessing = 0;
		};
/* End PBXFrameworksBuildPhase section */

/* Begin PBXGroup section */
		14EA2FC91D1189630099904C = {
			isa = PBXGroup;
			children = (
				14EA2FD41D1189630099904C /* AlphaMatting */,
				14EA2FD31D1189630099904C /* Products */,
			);
			sourceTree = "<group>";
		};
		14EA2FD31D1189630099904C /* Products */ = {
			isa = PBXGroup;
			children = (
				14EA2FD21D1189630099904C /* AlphaMatting */,
			);
			name = Products;
			sourceTree = "<group>";
		};
		14EA2FD41D1189630099904C /* AlphaMatting */ = {
			isa = PBXGroup;
			children = (
				14EA2FD51D1189630099904C /* main.cpp */,
				14EA2FDC1D11899E0099904C /* SharedMatting.h */,
				14EA2FDD1D118EA50099904C /* SharedMatting.cpp */,
			);
			path = AlphaMatting;
			sourceTree = "<group>";
		};
/* End PBXGroup section */

/* Begin PBXNativeTarget section */
		14EA2FD11D1189630099904C /* AlphaMatting */ = {
			isa = PBXNativeTarget;
			buildConfigurationList = 14EA2FD91D1189630099904C /* Build configuration list for PBXNativeTarget "AlphaMatting" */;
			buildPhases = (
				14EA2FCE1D1189630099904C /* Sources */,
				14EA2FCF1D1189630099904C /* Frameworks */,
				14EA2FD01D1189630099904C /* CopyFiles */,
			);
			buildRules = (
			);
			dependencies = (
			);
			name = AlphaMatting;
			productName = AlphaMatting;
			productReference = 14EA2FD21D1189630099904C /* AlphaMatting */;
			productType = "com.apple.product-type.tool";
		};
/* End PBXNativeTarget section */

/* Begin PBXProject section */
		14EA2FCA1D1189630099904C /* Project object */ = {
			isa = PBXProject;
			attributes = {
				LastUpgradeCheck = 0720;
				ORGANIZATIONNAME = "Volvet Zhang";
				TargetAttributes = {
					14EA2FD11D1189630099904C = {
						CreatedOnToolsVersion = 7.2.1;
					};
				};
			};
			buildConfigurationList = 14EA2FCD1D1189630099904C /* Build configuration list for PBXProject "AlphaMatting" */;
			compatibilityVersion = "Xcode 3.2";
			developmentRegion = English;
			hasScannedForEncodings = 0;
			knownRegions = (
				en,
			);
			mainGroup = 14EA2FC91D1189630099904C;
			productRefGroup = 14EA2FD31D1189630099904C /* Products */;
			projectDirPath = "";
			projectRoot = "";
			targets = (
				14EA2FD11D1189630099904C /* AlphaMatting */,
			);
		};
/* End PBXProject section */

/* Begin PBXSourcesBuildPhase section */
		14EA2FCE1D1189630099904C /* Sources */ = {
			isa = PBXSourcesBuildPhase;
			buildActionMask = 2147483647;
			files = (
				14EA2FD61D1189630099904C /* main.cpp in Sources */,
				14EA2FDE1D118EA50099904C /* SharedMatting.cpp in Sources */,
			);
			runOnlyForDeploymentPostprocessing = 0;
		};
/* End PBXSourcesBuildPhase section */

/* Begin XCBuildConfiguration section */
		14EA2FD71D1189630099904C /* Debug */ = {
			isa = XCBuildConfiguration;
			buildSettings = {
				ALWAYS_SEARCH_USER_PATHS = NO;
				CLANG_CXX_LANGUAGE_STANDARD = "gnu++0x";
				CLANG_CXX_LIBRARY = "libc++";
				CLANG_ENABLE_MODULES = YES;
				CLANG_ENABLE_OBJC_ARC = YES;
				CLANG_WARN_BOOL_CONVERSION = YES;
				CLANG_WARN_CONSTANT_CONVERSION = YES;
				CLANG_WARN_DIRECT_OBJC_ISA_USAGE = YES_ERROR;
				CLANG_WARN_EMPTY_BODY = YES;
				CLANG_WARN_ENUM_CONVERSION = YES;
				CLANG_WARN_INT_CONVERSION = YES;
				CLANG_WARN_OBJC_ROOT_CLASS = YES_ERROR;
				CLANG_WARN_UNREACHABLE_CODE = YES;
				CLANG_WARN__DUPLICATE_METHOD_MATCH = YES;
				CODE_SIGN_IDENTITY = "-";
				COPY_PHASE_STRIP = NO;
				DEBUG_INFORMATION_FORMAT = dwarf;
				ENABLE_STRICT_OBJC_MSGSEND = YES;
				ENABLE_TESTABILITY = YES;
				GCC_C_LANGUAGE_STANDARD = gnu99;
				GCC_DYNAMIC_NO_PIC = NO;
				GCC_NO_COMMON_BLOCKS = YES;
				GCC_OPTIMIZATION_LEVEL = 0;
				GCC_PREPROCESSOR_DEFINITIONS = (
					"DEBUG=1",
					"$(inherited)",
				);
				GCC_WARN_64_TO_32_BIT_CONVERSION = YES;
				GCC_WARN_ABOUT_RETURN_TYPE = YES_ERROR;
				GCC_WARN_UNDECLARED_SELECTOR = YES;
				GCC_WARN_UNINITIALIZED_AUTOS = YES_AGGRESSIVE;
				GCC_WARN_UNUSED_FUNCTION = YES;
				GCC_WARN_UNUSED_VARIABLE = YES;
				MACOSX_DEPLOYMENT_TARGET = 10.10;
				MTL_ENABLE_DEBUG_INFO = YES;
				ONLY_ACTIVE_ARCH = YES;
				OTHER_LDFLAGS = (
					"-l",
					opencv_core,
					"-l",
					opencv_imgproc,
					"-l",
					opencv_highgui,
				);
				OTHER_LIBTOOLFLAGS = "";
				SDKROOT = macosx;
			};
			name = Debug;
		};
		14EA2FD81D1189630099904C /* Release */ = {
			isa = XCBuildConfiguration;
			buildSettings = {
				ALWAYS_SEARCH_USER_PATHS = NO;
				CLANG_CXX_LANGUAGE_STANDARD = "gnu++0x";
				CLANG_CXX_LIBRARY = "libc++";
				CLANG_ENABLE_MODULES = YES;
				CLANG_ENABLE_OBJC_ARC = YES;
				CLANG_WARN_BOOL_CONVERSION = YES;
				CLANG_WARN_CONSTANT_CONVERSION = YES;
				CLANG_WARN_DIRECT_OBJC_ISA_USAGE = YES_ERROR;
				CLANG_WARN_EMPTY_BODY = YES;
				CLANG_WARN_ENUM_CONVERSION = YES;
				CLANG_WARN_INT_CONVERSION = YES;
				CLANG_WARN_OBJC_ROOT_CLASS = YES_ERROR;
				CLANG_WARN_UNREACHABLE_CODE = YES;
				CLANG_WARN__DUPLICATE_METHOD_MATCH = YES;
				CODE_SIGN_IDENTITY = "-";
				COPY_PHASE_STRIP = NO;
				DEBUG_INFORMATION_FORMAT = "dwarf-with-dsym";
				ENABLE_NS_ASSERTIONS = NO;
				ENABLE_STRICT_OBJC_MSGSEND = YES;
				GCC_C_LANGUAGE_STANDARD = gnu99;
				GCC_NO_COMMON_BLOCKS = YES;
				GCC_WARN_64_TO_32_BIT_CONVERSION = YES;
				GCC_WARN_ABOUT_RETURN_TYPE = YES_ERROR;
				GCC_WARN_UNDECLARED_SELECTOR = YES;
				GCC_WARN_UNINITIALIZED_AUTOS = YES_AGGRESSIVE;
				GCC_WARN_UNUSED_FUNCTION = YES;
				GCC_WARN_UNUSED_VARIABLE = YES;
				MACOSX_DEPLOYMENT_TARGET = 10.10;
				MTL_ENABLE_DEBUG_INFO = NO;
				OTHER_LDFLAGS = (
					"-l",
					opencv_core,
					"-l",
					opencv_imgproc,
					"-l",
					opencv_highgui,
				);
				OTHER_LIBTOOLFLAGS = "";
				SDKROOT = macosx;
			};
			name = Release;
		};
		14EA2FDA1D1189630099904C /* Debug */ = {
			isa = XCBuildConfiguration;
			buildSettings = {
				HEADER_SEARCH_PATHS = /usr/local/include;
				LIBRARY_SEARCH_PATHS = /usr/local/lib;
				PRODUCT_NAME = "$(TARGET_NAME)";
			};
			name = Debug;
		};
		14EA2FDB1D1189630099904C /* Release */ = {
			isa = XCBuildConfiguration;
			buildSettings = {
				HEADER_SEARCH_PATHS = /usr/local/include;
				LIBRARY_SEARCH_PATHS = /usr/local/lib;
				PRODUCT_NAME = "$(TARGET_NAME)";
			};
			name = Release;
		};
/* End XCBuildConfiguration section */

/* Begin XCConfigurationList section */
		14EA2FCD1D1189630099904C /* Build configuration list for PBXProject "AlphaMatting" */ = {
			isa = XCConfigurationList;
			buildConfigurations = (
				14EA2FD71D1189630099904C /* Debug */,
				14EA2FD81D1189630099904C /* Release */,
			);
			defaultConfigurationIsVisible = 0;
			defaultConfigurationName = Release;
		};
		14EA2FD91D1189630099904C /* Build configuration list for PBXNativeTarget "AlphaMatting" */ = {
			isa = XCConfigurationList;
			buildConfigurations = (
				14EA2FDA1D1189630099904C /* Debug */,
				14EA2FDB1D1189630099904C /* Release */,
			);
			defaultConfigurationIsVisible = 0;
		};
/* End XCConfigurationList section */
	};
	rootObject = 14EA2FCA1D1189630099904C /* Project object */;
}
